
Microsoft Visual Studio Solution File, Format Version 12.00
# Visual Studio Version 17
VisualStudioVersion = 17.1.32319.34
MinimumVisualStudioVersion = 10.0.40219.1
Project("{2150E333-8FDC-42A3-9474-1A3956D46DE8}") = "src", "src", "{C263F199-0259-461D-8E2B-3C139B9A3C21}"
EndProject
Project("{2150E333-8FDC-42A3-9474-1A3956D46DE8}") = "tests", "tests", "{41E00CB0-94B2-450B-8D0F-9DEB3F5378A3}"
EndProject
Project("{9A19103F-16F7-4668-BE54-9A1E7A4F7556}") = "FC.CodeFlix.Catalog.UnitTests", "tests\FC.CodeFlix.Catalog.UnitTests\FC.CodeFlix.Catalog.UnitTests.csproj", "{4FCF96A3-60F7-458D-AF7C-BE2BDF819364}"
EndProject
Project("{9A19103F-16F7-4668-BE54-9A1E7A4F7556}") = "FC.CodeFlix.Catalog.Domain", "src\FC.CodeFlix.Catalog.Domain\FC.CodeFlix.Catalog.Domain.csproj", "{1BF1E86D-7190-4C90-B0F2-924A862832E8}"
EndProject
Project("{9A19103F-16F7-4668-BE54-9A1E7A4F7556}") = "FC.CodeFlix.Catalog.Application", "src\FC.CodeFlix.Catalog.Application\FC.CodeFlix.Catalog.Application.csproj", "{8683D7FA-AFB8-4B90-A55D-6E751A8B3742}"
EndProject
Project("{9A19103F-16F7-4668-BE54-9A1E7A4F7556}") = "FC.CodeFlix.Catalog.IntegrationTests", "tests\FC.CodeFlix.Catalog.IntegrationTests\FC.CodeFlix.Catalog.IntegrationTests.csproj", "{2003E50C-0DCD-466A-84BA-72DD1E7B5A7E}"
EndProject
Project("{9A19103F-16F7-4668-BE54-9A1E7A4F7556}") = "FC.CodeFlix.Catalog.Infra.Data.EF", "src\FC.CodeFlix.Catalog.Infra.Data.EF\FC.CodeFlix.Catalog.Infra.Data.EF.csproj", "{43407574-3571-40CC-9474-A43E789DD87E}"
EndProject
Project("{9A19103F-16F7-4668-BE54-9A1E7A4F7556}") = "FC.CodeFlix.Catalog.EndToEndTests", "tests\FC.CodeFlix.Catalog.EndToEndTests\FC.CodeFlix.Catalog.EndToEndTests.csproj", "{9BC47340-0C26-4B32-A205-F5288606C81F}"
EndProject
Project("{9A19103F-16F7-4668-BE54-9A1E7A4F7556}") = "FC.CodeFlix.Catalog.Api", "src\FC.CodeFlix.Catalog.Api\FC.CodeFlix.Catalog.Api.csproj", "{664F96D5-EBD8-4F5E-A9EF-6F8A3A557CFB}"
EndProject
Project("{2150E333-8FDC-42A3-9474-1A3956D46DE8}") = "env", "env", "{8565FBB3-989B-4387-B7AB-97CC53BDFCC8}"
	ProjectSection(SolutionItems) = preProject
		docker-compose.yaml = docker-compose.yaml
	EndProjectSection
EndProject
Global
	GlobalSection(SolutionConfigurationPlatforms) = preSolution
		Debug|Any CPU = Debug|Any CPU
		Release|Any CPU = Release|Any CPU
	EndGlobalSection
	GlobalSection(ProjectConfigurationPlatforms) = postSolution
		{4FCF96A3-60F7-458D-AF7C-BE2BDF819364}.Debug|Any CPU.ActiveCfg = Debug|Any CPU
		{4FCF96A3-60F7-458D-AF7C-BE2BDF819364}.Debug|Any CPU.Build.0 = Debug|Any CPU
		{4FCF96A3-60F7-458D-AF7C-BE2BDF819364}.Release|Any CPU.ActiveCfg = Release|Any CPU
		{4FCF96A3-60F7-458D-AF7C-BE2BDF819364}.Release|Any CPU.Build.0 = Release|Any CPU
		{1BF1E86D-7190-4C90-B0F2-924A862832E8}.Debug|Any CPU.ActiveCfg = Debug|Any CPU
		{1BF1E86D-7190-4C90-B0F2-924A862832E8}.Debug|Any CPU.Build.0 = Debug|Any CPU
		{1BF1E86D-7190-4C90-B0F2-924A862832E8}.Release|Any CPU.ActiveCfg = Release|Any CPU
		{1BF1E86D-7190-4C90-B0F2-924A862832E8}.Release|Any CPU.Build.0 = Release|Any CPU
		{8683D7FA-AFB8-4B90-A55D-6E751A8B3742}.Debug|Any CPU.ActiveCfg = Debug|Any CPU
		{8683D7FA-AFB8-4B90-A55D-6E751A8B3742}.Debug|Any CPU.Build.0 = Debug|Any CPU
		{8683D7FA-AFB8-4B90-A55D-6E751A8B3742}.Release|Any CPU.ActiveCfg = Release|Any CPU
		{8683D7FA-AFB8-4B90-A55D-6E751A8B3742}.Release|Any CPU.Build.0 = Release|Any CPU
		{2003E50C-0DCD-466A-84BA-72DD1E7B5A7E}.Debug|Any CPU.ActiveCfg = Debug|Any CPU
		{2003E50C-0DCD-466A-84BA-72DD1E7B5A7E}.Debug|Any CPU.Build.0 = Debug|Any CPU
		{2003E50C-0DCD-466A-84BA-72DD1E7B5A7E}.Release|Any CPU.ActiveCfg = Release|Any CPU
		{2003E50C-0DCD-466A-84BA-72DD1E7B5A7E}.Release|Any CPU.Build.0 = Release|Any CPU
		{43407574-3571-40CC-9474-A43E789DD87E}.Debug|Any CPU.ActiveCfg = Debug|Any CPU
		{43407574-3571-40CC-9474-A43E789DD87E}.Debug|Any CPU.Build.0 = Debug|Any CPU
		{43407574-3571-40CC-9474-A43E789DD87E}.Release|Any CPU.ActiveCfg = Release|Any CPU
		{43407574-3571-40CC-9474-A43E789DD87E}.Release|Any CPU.Build.0 = Release|Any CPU
		{9BC47340-0C26-4B32-A205-F5288606C81F}.Debug|Any CPU.ActiveCfg = Debug|Any CPU
		{9BC47340-0C26-4B32-A205-F5288606C81F}.Debug|Any CPU.Build.0 = Debug|Any CPU
		{9BC47340-0C26-4B32-A205-F5288606C81F}.Release|Any CPU.ActiveCfg = Release|Any CPU
		{9BC47340-0C26-4B32-A205-F5288606C81F}.Release|Any CPU.Build.0 = Release|Any CPU
		{664F96D5-EBD8-4F5E-A9EF-6F8A3A557CFB}.Debug|Any CPU.ActiveCfg = Debug|Any CPU
		{664F96D5-EBD8-4F5E-A9EF-6F8A3A557CFB}.Debug|Any CPU.Build.0 = Debug|Any CPU
		{664F96D5-EBD8-4F5E-A9EF-6F8A3A557CFB}.Release|Any CPU.ActiveCfg = Release|Any CPU
		{664F96D5-EBD8-4F5E-A9EF-6F8A3A557CFB}.Release|Any CPU.Build.0 = Release|Any CPU
	EndGlobalSection
	GlobalSection(SolutionProperties) = preSolution
		HideSolutionNode = FALSE
	EndGlobalSection
	GlobalSection(NestedProjects) = preSolution
		{4FCF96A3-60F7-458D-AF7C-BE2BDF819364} = {41E00CB0-94B2-450B-8D0F-9DEB3F5378A3}
		{1BF1E86D-7190-4C90-B0F2-924A862832E8} = {C263F199-0259-461D-8E2B-3C139B9A3C21}
		{8683D7FA-AFB8-4B90-A55D-6E751A8B3742} = {C263F199-0259-461D-8E2B-3C139B9A3C21}
		{2003E50C-0DCD-466A-84BA-72DD1E7B5A7E} = {41E00CB0-94B2-450B-8D0F-9DEB3F5378A3}
		{43407574-3571-40CC-9474-A43E789DD87E} = {C263F199-0259-461D-8E2B-3C139B9A3C21}
		{9BC47340-0C26-4B32-A205-F5288606C81F} = {41E00CB0-94B2-450B-8D0F-9DEB3F5378A3}
		{664F96D5-EBD8-4F5E-A9EF-6F8A3A557CFB} = {C263F199-0259-461D-8E2B-3C139B9A3C21}
	EndGlobalSection
	GlobalSection(ExtensibilityGlobals) = postSolution
		SolutionGuid = {49B149B2-5CBF-4A09-9658-A73FF91A3E35}
	EndGlobalSection
EndGlobal
